
Microsoft Visual Studio Solution File, Format Version 11.00
# Visual Studio 2010
# SharpDevelop 4.4
Project("{FD48973F-F585-4F70-812B-4D0503B36CE9}") = "prog 54b ctrlc time", "prog 54b ctrlc time\prog 54b ctrlc time.pyproj", "{4C8C3887-F4D2-49AA-93EF-805BF79E7170}"
EndProject
Global
	GlobalSection(SolutionConfigurationPlatforms) = preSolution
		Debug|Any CPU = Debug|Any CPU
		Release|Any CPU = Release|Any CPU
	EndGlobalSection
	GlobalSection(ProjectConfigurationPlatforms) = postSolution
		{4C8C3887-F4D2-49AA-93EF-805BF79E7170}.Debug|Any CPU.Build.0 = Debug|Any CPU
		{4C8C3887-F4D2-49AA-93EF-805BF79E7170}.Debug|Any CPU.ActiveCfg = Debug|Any CPU
		{4C8C3887-F4D2-49AA-93EF-805BF79E7170}.Release|Any CPU.Build.0 = Release|Any CPU
		{4C8C3887-F4D2-49AA-93EF-805BF79E7170}.Release|Any CPU.ActiveCfg = Release|Any CPU
	EndGlobalSection
EndGlobal
