
Microsoft Visual Studio Solution File, Format Version 12.00
# Visual Studio 2013
VisualStudioVersion = 12.0.40629.0
MinimumVisualStudioVersion = 10.0.40219.1
Project("{FAE04EC0-301F-11D3-BF4B-00C04F79EFBC}") = "HelloWOrld", "WindowsFormsApplication1\HelloWOrld.csproj", "{38042BE3-9264-46B8-8B7A-5B7A2092A297}"
EndProject
Project("{FAE04EC0-301F-11D3-BF4B-00C04F79EFBC}") = "HelloName", "HelloName\HelloName.csproj", "{0511E679-846D-417A-BC6C-685ED17C3EF7}"
EndProject
Project("{FAE04EC0-301F-11D3-BF4B-00C04F79EFBC}") = "prog52a", "prog52a\prog52a.csproj", "{45861B7E-5A48-423F-BAD5-0FDC94EAA479}"
EndProject
Project("{FAE04EC0-301F-11D3-BF4B-00C04F79EFBC}") = "prog54b", "prog54b\prog54b.csproj", "{DC5325B4-0C63-4EDA-B5C3-0F67570F5E21}"
EndProject
Project("{FAE04EC0-301F-11D3-BF4B-00C04F79EFBC}") = "prog54d", "prog54d\prog54d.csproj", "{0B94087F-F561-4DB9-ABD0-15A03C05D26A}"
EndProject
Project("{FAE04EC0-301F-11D3-BF4B-00C04F79EFBC}") = "prog54a", "prog54a\prog54a.csproj", "{6F1A6A8C-8305-45B7-8B84-10F8511079F5}"
EndProject
Project("{FAE04EC0-301F-11D3-BF4B-00C04F79EFBC}") = "lp 4-5", "lp 4-5\lp 4-5.csproj", "{5022A662-B63D-495D-BCC4-D7688D21E023}"
EndProject
Project("{FAE04EC0-301F-11D3-BF4B-00C04F79EFBC}") = "lp 4-1", "lp 4-1\lp 4-1.csproj", "{38B78FD4-15AC-40A3-87A4-0261DB2DB4EF}"
EndProject
Project("{FAE04EC0-301F-11D3-BF4B-00C04F79EFBC}") = "prog122a", "prog122a\prog122a.csproj", "{30DC56F8-BEEC-462B-BC14-01BA8CCF1DB3}"
EndProject
Project("{FAE04EC0-301F-11D3-BF4B-00C04F79EFBC}") = "prog127", "prog127\prog127.csproj", "{F3128FAA-B209-4FE9-A37D-AC7925E93FBA}"
EndProject
Project("{FAE04EC0-301F-11D3-BF4B-00C04F79EFBC}") = "lp 4-2", "lp 4-2\lp 4-2.csproj", "{19E3FAE3-D7BE-4322-89C6-773B801C6F69}"
EndProject
Project("{FAE04EC0-301F-11D3-BF4B-00C04F79EFBC}") = "prog85cpt2", "prog85cpt2\prog85cpt2.csproj", "{27238DD3-F203-49FB-9533-71C62909F578}"
EndProject
Project("{FAE04EC0-301F-11D3-BF4B-00C04F79EFBC}") = "calc (functions)", "calc (functions)\calc (functions).csproj", "{DEED5C9D-38D4-4218-91C5-AF89CB5BCB1B}"
EndProject
Project("{FAE04EC0-301F-11D3-BF4B-00C04F79EFBC}") = "pg435Ticketsales(csharp)", "pg435Ticketsales(csharp)\pg435Ticketsales(csharp).csproj", "{BA6E1DB0-A796-4F45-98F5-3E0A6CCEDA15}"
EndProject
Project("{FAE04EC0-301F-11D3-BF4B-00C04F79EFBC}") = "prog336b", "prog336b\prog336b.csproj", "{7FDE763A-6F1B-49E3-9190-9D69CAEF27CF}"
EndProject
Project("{FAE04EC0-301F-11D3-BF4B-00C04F79EFBC}") = "prog489", "prog489\prog489.csproj", "{B006389E-52E7-42D9-944B-28F126089AFD}"
EndProject
Project("{FAE04EC0-301F-11D3-BF4B-00C04F79EFBC}") = "strinterview7", "strinterview7\strinterview7.csproj", "{368FB353-4B95-4774-A1BC-69E0BCB04552}"
EndProject
Project("{FAE04EC0-301F-11D3-BF4B-00C04F79EFBC}") = "strinterview16", "strinterview16\strinterview16.csproj", "{DD3B2875-1620-4CE6-9F93-BA32C11EBF07}"
EndProject
Project("{FAE04EC0-301F-11D3-BF4B-00C04F79EFBC}") = "pg273bookclubpoints", "pg273bookclubpoints\pg273bookclubpoints.csproj", "{65A88FF6-1034-48B6-85ED-C2043A3D5921}"
EndProject
Global
	GlobalSection(SolutionConfigurationPlatforms) = preSolution
		Debug|Any CPU = Debug|Any CPU
		Release|Any CPU = Release|Any CPU
	EndGlobalSection
	GlobalSection(ProjectConfigurationPlatforms) = postSolution
		{38042BE3-9264-46B8-8B7A-5B7A2092A297}.Debug|Any CPU.ActiveCfg = Debug|Any CPU
		{38042BE3-9264-46B8-8B7A-5B7A2092A297}.Debug|Any CPU.Build.0 = Debug|Any CPU
		{38042BE3-9264-46B8-8B7A-5B7A2092A297}.Release|Any CPU.ActiveCfg = Release|Any CPU
		{38042BE3-9264-46B8-8B7A-5B7A2092A297}.Release|Any CPU.Build.0 = Release|Any CPU
		{0511E679-846D-417A-BC6C-685ED17C3EF7}.Debug|Any CPU.ActiveCfg = Debug|Any CPU
		{0511E679-846D-417A-BC6C-685ED17C3EF7}.Debug|Any CPU.Build.0 = Debug|Any CPU
		{0511E679-846D-417A-BC6C-685ED17C3EF7}.Release|Any CPU.ActiveCfg = Release|Any CPU
		{0511E679-846D-417A-BC6C-685ED17C3EF7}.Release|Any CPU.Build.0 = Release|Any CPU
		{45861B7E-5A48-423F-BAD5-0FDC94EAA479}.Debug|Any CPU.ActiveCfg = Debug|Any CPU
		{45861B7E-5A48-423F-BAD5-0FDC94EAA479}.Debug|Any CPU.Build.0 = Debug|Any CPU
		{45861B7E-5A48-423F-BAD5-0FDC94EAA479}.Release|Any CPU.ActiveCfg = Release|Any CPU
		{45861B7E-5A48-423F-BAD5-0FDC94EAA479}.Release|Any CPU.Build.0 = Release|Any CPU
		{DC5325B4-0C63-4EDA-B5C3-0F67570F5E21}.Debug|Any CPU.ActiveCfg = Debug|Any CPU
		{DC5325B4-0C63-4EDA-B5C3-0F67570F5E21}.Debug|Any CPU.Build.0 = Debug|Any CPU
		{DC5325B4-0C63-4EDA-B5C3-0F67570F5E21}.Release|Any CPU.ActiveCfg = Release|Any CPU
		{DC5325B4-0C63-4EDA-B5C3-0F67570F5E21}.Release|Any CPU.Build.0 = Release|Any CPU
		{0B94087F-F561-4DB9-ABD0-15A03C05D26A}.Debug|Any CPU.ActiveCfg = Debug|Any CPU
		{0B94087F-F561-4DB9-ABD0-15A03C05D26A}.Debug|Any CPU.Build.0 = Debug|Any CPU
		{0B94087F-F561-4DB9-ABD0-15A03C05D26A}.Release|Any CPU.ActiveCfg = Release|Any CPU
		{0B94087F-F561-4DB9-ABD0-15A03C05D26A}.Release|Any CPU.Build.0 = Release|Any CPU
		{6F1A6A8C-8305-45B7-8B84-10F8511079F5}.Debug|Any CPU.ActiveCfg = Debug|Any CPU
		{6F1A6A8C-8305-45B7-8B84-10F8511079F5}.Debug|Any CPU.Build.0 = Debug|Any CPU
		{6F1A6A8C-8305-45B7-8B84-10F8511079F5}.Release|Any CPU.ActiveCfg = Release|Any CPU
		{6F1A6A8C-8305-45B7-8B84-10F8511079F5}.Release|Any CPU.Build.0 = Release|Any CPU
		{5022A662-B63D-495D-BCC4-D7688D21E023}.Debug|Any CPU.ActiveCfg = Debug|Any CPU
		{5022A662-B63D-495D-BCC4-D7688D21E023}.Debug|Any CPU.Build.0 = Debug|Any CPU
		{5022A662-B63D-495D-BCC4-D7688D21E023}.Release|Any CPU.ActiveCfg = Release|Any CPU
		{5022A662-B63D-495D-BCC4-D7688D21E023}.Release|Any CPU.Build.0 = Release|Any CPU
		{38B78FD4-15AC-40A3-87A4-0261DB2DB4EF}.Debug|Any CPU.ActiveCfg = Debug|Any CPU
		{38B78FD4-15AC-40A3-87A4-0261DB2DB4EF}.Debug|Any CPU.Build.0 = Debug|Any CPU
		{38B78FD4-15AC-40A3-87A4-0261DB2DB4EF}.Release|Any CPU.ActiveCfg = Release|Any CPU
		{38B78FD4-15AC-40A3-87A4-0261DB2DB4EF}.Release|Any CPU.Build.0 = Release|Any CPU
		{30DC56F8-BEEC-462B-BC14-01BA8CCF1DB3}.Debug|Any CPU.ActiveCfg = Debug|Any CPU
		{30DC56F8-BEEC-462B-BC14-01BA8CCF1DB3}.Debug|Any CPU.Build.0 = Debug|Any CPU
		{30DC56F8-BEEC-462B-BC14-01BA8CCF1DB3}.Release|Any CPU.ActiveCfg = Release|Any CPU
		{30DC56F8-BEEC-462B-BC14-01BA8CCF1DB3}.Release|Any CPU.Build.0 = Release|Any CPU
		{F3128FAA-B209-4FE9-A37D-AC7925E93FBA}.Debug|Any CPU.ActiveCfg = Debug|Any CPU
		{F3128FAA-B209-4FE9-A37D-AC7925E93FBA}.Debug|Any CPU.Build.0 = Debug|Any CPU
		{F3128FAA-B209-4FE9-A37D-AC7925E93FBA}.Release|Any CPU.ActiveCfg = Release|Any CPU
		{F3128FAA-B209-4FE9-A37D-AC7925E93FBA}.Release|Any CPU.Build.0 = Release|Any CPU
		{19E3FAE3-D7BE-4322-89C6-773B801C6F69}.Debug|Any CPU.ActiveCfg = Debug|Any CPU
		{19E3FAE3-D7BE-4322-89C6-773B801C6F69}.Debug|Any CPU.Build.0 = Debug|Any CPU
		{19E3FAE3-D7BE-4322-89C6-773B801C6F69}.Release|Any CPU.ActiveCfg = Release|Any CPU
		{19E3FAE3-D7BE-4322-89C6-773B801C6F69}.Release|Any CPU.Build.0 = Release|Any CPU
		{27238DD3-F203-49FB-9533-71C62909F578}.Debug|Any CPU.ActiveCfg = Debug|Any CPU
		{27238DD3-F203-49FB-9533-71C62909F578}.Debug|Any CPU.Build.0 = Debug|Any CPU
		{27238DD3-F203-49FB-9533-71C62909F578}.Release|Any CPU.ActiveCfg = Release|Any CPU
		{27238DD3-F203-49FB-9533-71C62909F578}.Release|Any CPU.Build.0 = Release|Any CPU
		{DEED5C9D-38D4-4218-91C5-AF89CB5BCB1B}.Debug|Any CPU.ActiveCfg = Debug|Any CPU
		{DEED5C9D-38D4-4218-91C5-AF89CB5BCB1B}.Debug|Any CPU.Build.0 = Debug|Any CPU
		{DEED5C9D-38D4-4218-91C5-AF89CB5BCB1B}.Release|Any CPU.ActiveCfg = Release|Any CPU
		{DEED5C9D-38D4-4218-91C5-AF89CB5BCB1B}.Release|Any CPU.Build.0 = Release|Any CPU
		{BA6E1DB0-A796-4F45-98F5-3E0A6CCEDA15}.Debug|Any CPU.ActiveCfg = Debug|Any CPU
		{BA6E1DB0-A796-4F45-98F5-3E0A6CCEDA15}.Debug|Any CPU.Build.0 = Debug|Any CPU
		{BA6E1DB0-A796-4F45-98F5-3E0A6CCEDA15}.Release|Any CPU.ActiveCfg = Release|Any CPU
		{BA6E1DB0-A796-4F45-98F5-3E0A6CCEDA15}.Release|Any CPU.Build.0 = Release|Any CPU
		{7FDE763A-6F1B-49E3-9190-9D69CAEF27CF}.Debug|Any CPU.ActiveCfg = Debug|Any CPU
		{7FDE763A-6F1B-49E3-9190-9D69CAEF27CF}.Debug|Any CPU.Build.0 = Debug|Any CPU
		{7FDE763A-6F1B-49E3-9190-9D69CAEF27CF}.Release|Any CPU.ActiveCfg = Release|Any CPU
		{7FDE763A-6F1B-49E3-9190-9D69CAEF27CF}.Release|Any CPU.Build.0 = Release|Any CPU
		{B006389E-52E7-42D9-944B-28F126089AFD}.Debug|Any CPU.ActiveCfg = Debug|Any CPU
		{B006389E-52E7-42D9-944B-28F126089AFD}.Debug|Any CPU.Build.0 = Debug|Any CPU
		{B006389E-52E7-42D9-944B-28F126089AFD}.Release|Any CPU.ActiveCfg = Release|Any CPU
		{B006389E-52E7-42D9-944B-28F126089AFD}.Release|Any CPU.Build.0 = Release|Any CPU
		{368FB353-4B95-4774-A1BC-69E0BCB04552}.Debug|Any CPU.ActiveCfg = Debug|Any CPU
		{368FB353-4B95-4774-A1BC-69E0BCB04552}.Debug|Any CPU.Build.0 = Debug|Any CPU
		{368FB353-4B95-4774-A1BC-69E0BCB04552}.Release|Any CPU.ActiveCfg = Release|Any CPU
		{368FB353-4B95-4774-A1BC-69E0BCB04552}.Release|Any CPU.Build.0 = Release|Any CPU
		{DD3B2875-1620-4CE6-9F93-BA32C11EBF07}.Debug|Any CPU.ActiveCfg = Debug|Any CPU
		{DD3B2875-1620-4CE6-9F93-BA32C11EBF07}.Debug|Any CPU.Build.0 = Debug|Any CPU
		{DD3B2875-1620-4CE6-9F93-BA32C11EBF07}.Release|Any CPU.ActiveCfg = Release|Any CPU
		{DD3B2875-1620-4CE6-9F93-BA32C11EBF07}.Release|Any CPU.Build.0 = Release|Any CPU
		{65A88FF6-1034-48B6-85ED-C2043A3D5921}.Debug|Any CPU.ActiveCfg = Debug|Any CPU
		{65A88FF6-1034-48B6-85ED-C2043A3D5921}.Debug|Any CPU.Build.0 = Debug|Any CPU
		{65A88FF6-1034-48B6-85ED-C2043A3D5921}.Release|Any CPU.ActiveCfg = Release|Any CPU
		{65A88FF6-1034-48B6-85ED-C2043A3D5921}.Release|Any CPU.Build.0 = Release|Any CPU
	EndGlobalSection
	GlobalSection(SolutionProperties) = preSolution
		HideSolutionNode = FALSE
	EndGlobalSection
EndGlobal
