
Microsoft Visual Studio Solution File, Format Version 11.00
# Visual Studio 2010
# SharpDevelop 4.4
Project("{FD48973F-F585-4F70-812B-4D0503B36CE9}") = "heelo world 2", "heelo world 2\heelo world 2.pyproj", "{280E382A-CC83-4BFF-AF54-159E473B1730}"
EndProject
Global
	GlobalSection(SolutionConfigurationPlatforms) = preSolution
		Debug|Any CPU = Debug|Any CPU
		Release|Any CPU = Release|Any CPU
	EndGlobalSection
	GlobalSection(ProjectConfigurationPlatforms) = postSolution
		{280E382A-CC83-4BFF-AF54-159E473B1730}.Debug|Any CPU.Build.0 = Debug|Any CPU
		{280E382A-CC83-4BFF-AF54-159E473B1730}.Debug|Any CPU.ActiveCfg = Debug|Any CPU
		{280E382A-CC83-4BFF-AF54-159E473B1730}.Release|Any CPU.Build.0 = Release|Any CPU
		{280E382A-CC83-4BFF-AF54-159E473B1730}.Release|Any CPU.ActiveCfg = Release|Any CPU
	EndGlobalSection
EndGlobal
