
Microsoft Visual Studio Solution File, Format Version 11.00
# Visual Studio 2010
# SharpDevelop 4.4
Project("{FD48973F-F585-4F70-812B-4D0503B36CE9}") = "anagrams", "anagrams\anagrams.pyproj", "{51257B4B-6820-49BF-A195-6CB5D99A917C}"
EndProject
Global
	GlobalSection(SolutionConfigurationPlatforms) = preSolution
		Debug|Any CPU = Debug|Any CPU
		Release|Any CPU = Release|Any CPU
	EndGlobalSection
	GlobalSection(ProjectConfigurationPlatforms) = postSolution
		{51257B4B-6820-49BF-A195-6CB5D99A917C}.Debug|Any CPU.Build.0 = Debug|Any CPU
		{51257B4B-6820-49BF-A195-6CB5D99A917C}.Debug|Any CPU.ActiveCfg = Debug|Any CPU
		{51257B4B-6820-49BF-A195-6CB5D99A917C}.Release|Any CPU.Build.0 = Release|Any CPU
		{51257B4B-6820-49BF-A195-6CB5D99A917C}.Release|Any CPU.ActiveCfg = Release|Any CPU
	EndGlobalSection
EndGlobal
